dependencies:
- name: common
  repository: https://bjw-s.github.io/helm-charts/
  version: 1.5.1
- name: postgresql
  repository: https://charts.bitnami.com/bitnami
  version: 12.5.6
- name: redis
  repository: https://charts.bitnami.com/bitnami
  version: 17.11.7
digest: sha256:bc1e9abac71c59233f9c898eab26a2fc0137b2a7cfab9f395a2ec2271fff39fe
generated: "2023-07-05T20:21:29.562534597Z"
