dependencies:
- name: common
  repository: https://bjw-s.github.io/helm-charts/
  version: 1.5.1
- name: postgresql
  repository: https://charts.bitnami.com/bitnami
  version: 12.5.6
- name: redis
  repository: https://charts.bitnami.com/bitnami
  version: 17.11.6
digest: sha256:ab1d896f655bdff4b2d405bb74740582593ccc18af1c2fcaacb4037886852f76
generated: "2023-07-05T01:04:52.64031987Z"
