dependencies:
- name: common
  repository: https://bjw-s.github.io/helm-charts/
  version: 1.2.1
- name: postgresql
  repository: https://charts.bitnami.com/bitnami
  version: 12.1.12
- name: redis
  repository: https://charts.bitnami.com/bitnami
  version: 17.6.0
digest: sha256:23fa6726f0e36a9a97295617bc302786b8ec7c61ee37a72b23faf250b591ec85
generated: "2023-01-30T08:41:27.82562663Z"
